
Microsoft Visual Studio Solution File, Format Version 12.00
# Visual Studio Version 17
VisualStudioVersion = 17.13.35825.156
MinimumVisualStudioVersion = 10.0.40219.1
Project("{FAE04EC0-301F-11D3-BF4B-00C04F79EFBC}") = "Exercicio01", "Exercicio01\Exercicio01.csproj", "{3A6EAD5F-CC71-4B3B-B2B8-8D750D8395D0}"
EndProject
Project("{FAE04EC0-301F-11D3-BF4B-00C04F79EFBC}") = "Exercicio02", "Exercicio02\Exercicio02.csproj", "{BABA7D52-3BFF-4E8C-9648-6237BA20193C}"
EndProject
Project("{FAE04EC0-301F-11D3-BF4B-00C04F79EFBC}") = "Exercicio03", "Exercicio03\Exercicio03.csproj", "{EC22115A-4726-45B3-9ADC-3E99A49479D9}"
EndProject
Project("{FAE04EC0-301F-11D3-BF4B-00C04F79EFBC}") = "Exercicio04", "Exercicio04\Exercicio04.csproj", "{FC1253B1-9346-47D7-8357-4D0D0BC1A326}"
EndProject
Project("{FAE04EC0-301F-11D3-BF4B-00C04F79EFBC}") = "Exercicio05", "Exercicio05\Exercicio05.csproj", "{47F7725A-68FB-417C-BA5F-F9294CA23210}"
EndProject
Project("{FAE04EC0-301F-11D3-BF4B-00C04F79EFBC}") = "Exercicio06", "Exercicio06\Exercicio06.csproj", "{CE82A2C4-E598-4A46-8E6F-FD3D7091D781}"
EndProject
Project("{FAE04EC0-301F-11D3-BF4B-00C04F79EFBC}") = "Exercicio07", "Exercicio07\Exercicio07.csproj", "{74B75653-F18E-4825-B487-67214CBC4BB0}"
EndProject
Project("{FAE04EC0-301F-11D3-BF4B-00C04F79EFBC}") = "Exercicio08", "Exercicio08\Exercicio08.csproj", "{997B8404-6F60-42B4-AC21-EED96766D2D0}"
EndProject
Project("{FAE04EC0-301F-11D3-BF4B-00C04F79EFBC}") = "Exercicio09", "Exercicio09\Exercicio09.csproj", "{73E41999-737A-4271-87AD-37B74817D055}"
EndProject
Global
	GlobalSection(SolutionConfigurationPlatforms) = preSolution
		Debug|Any CPU = Debug|Any CPU
		Release|Any CPU = Release|Any CPU
	EndGlobalSection
	GlobalSection(ProjectConfigurationPlatforms) = postSolution
		{3A6EAD5F-CC71-4B3B-B2B8-8D750D8395D0}.Debug|Any CPU.ActiveCfg = Debug|Any CPU
		{3A6EAD5F-CC71-4B3B-B2B8-8D750D8395D0}.Debug|Any CPU.Build.0 = Debug|Any CPU
		{3A6EAD5F-CC71-4B3B-B2B8-8D750D8395D0}.Release|Any CPU.ActiveCfg = Release|Any CPU
		{3A6EAD5F-CC71-4B3B-B2B8-8D750D8395D0}.Release|Any CPU.Build.0 = Release|Any CPU
		{BABA7D52-3BFF-4E8C-9648-6237BA20193C}.Debug|Any CPU.ActiveCfg = Debug|Any CPU
		{BABA7D52-3BFF-4E8C-9648-6237BA20193C}.Debug|Any CPU.Build.0 = Debug|Any CPU
		{BABA7D52-3BFF-4E8C-9648-6237BA20193C}.Release|Any CPU.ActiveCfg = Release|Any CPU
		{BABA7D52-3BFF-4E8C-9648-6237BA20193C}.Release|Any CPU.Build.0 = Release|Any CPU
		{EC22115A-4726-45B3-9ADC-3E99A49479D9}.Debug|Any CPU.ActiveCfg = Debug|Any CPU
		{EC22115A-4726-45B3-9ADC-3E99A49479D9}.Debug|Any CPU.Build.0 = Debug|Any CPU
		{EC22115A-4726-45B3-9ADC-3E99A49479D9}.Release|Any CPU.ActiveCfg = Release|Any CPU
		{EC22115A-4726-45B3-9ADC-3E99A49479D9}.Release|Any CPU.Build.0 = Release|Any CPU
		{FC1253B1-9346-47D7-8357-4D0D0BC1A326}.Debug|Any CPU.ActiveCfg = Debug|Any CPU
		{FC1253B1-9346-47D7-8357-4D0D0BC1A326}.Debug|Any CPU.Build.0 = Debug|Any CPU
		{FC1253B1-9346-47D7-8357-4D0D0BC1A326}.Release|Any CPU.ActiveCfg = Release|Any CPU
		{FC1253B1-9346-47D7-8357-4D0D0BC1A326}.Release|Any CPU.Build.0 = Release|Any CPU
		{47F7725A-68FB-417C-BA5F-F9294CA23210}.Debug|Any CPU.ActiveCfg = Debug|Any CPU
		{47F7725A-68FB-417C-BA5F-F9294CA23210}.Debug|Any CPU.Build.0 = Debug|Any CPU
		{47F7725A-68FB-417C-BA5F-F9294CA23210}.Release|Any CPU.ActiveCfg = Release|Any CPU
		{47F7725A-68FB-417C-BA5F-F9294CA23210}.Release|Any CPU.Build.0 = Release|Any CPU
		{CE82A2C4-E598-4A46-8E6F-FD3D7091D781}.Debug|Any CPU.ActiveCfg = Debug|Any CPU
		{CE82A2C4-E598-4A46-8E6F-FD3D7091D781}.Debug|Any CPU.Build.0 = Debug|Any CPU
		{CE82A2C4-E598-4A46-8E6F-FD3D7091D781}.Release|Any CPU.ActiveCfg = Release|Any CPU
		{CE82A2C4-E598-4A46-8E6F-FD3D7091D781}.Release|Any CPU.Build.0 = Release|Any CPU
		{74B75653-F18E-4825-B487-67214CBC4BB0}.Debug|Any CPU.ActiveCfg = Debug|Any CPU
		{74B75653-F18E-4825-B487-67214CBC4BB0}.Debug|Any CPU.Build.0 = Debug|Any CPU
		{74B75653-F18E-4825-B487-67214CBC4BB0}.Release|Any CPU.ActiveCfg = Release|Any CPU
		{74B75653-F18E-4825-B487-67214CBC4BB0}.Release|Any CPU.Build.0 = Release|Any CPU
		{997B8404-6F60-42B4-AC21-EED96766D2D0}.Debug|Any CPU.ActiveCfg = Debug|Any CPU
		{997B8404-6F60-42B4-AC21-EED96766D2D0}.Debug|Any CPU.Build.0 = Debug|Any CPU
		{997B8404-6F60-42B4-AC21-EED96766D2D0}.Release|Any CPU.ActiveCfg = Release|Any CPU
		{997B8404-6F60-42B4-AC21-EED96766D2D0}.Release|Any CPU.Build.0 = Release|Any CPU
		{73E41999-737A-4271-87AD-37B74817D055}.Debug|Any CPU.ActiveCfg = Debug|Any CPU
		{73E41999-737A-4271-87AD-37B74817D055}.Debug|Any CPU.Build.0 = Debug|Any CPU
		{73E41999-737A-4271-87AD-37B74817D055}.Release|Any CPU.ActiveCfg = Release|Any CPU
		{73E41999-737A-4271-87AD-37B74817D055}.Release|Any CPU.Build.0 = Release|Any CPU
	EndGlobalSection
	GlobalSection(SolutionProperties) = preSolution
		HideSolutionNode = FALSE
	EndGlobalSection
	GlobalSection(ExtensibilityGlobals) = postSolution
		SolutionGuid = {D3BBEB23-03E0-4104-AB5B-EF84F0E13572}
	EndGlobalSection
EndGlobal
